
Microsoft Visual Studio Solution File, Format Version 12.00
# Visual Studio Version 16
VisualStudioVersion = 16.0.30011.22
MinimumVisualStudioVersion = 10.0.40219.1
Project("{FAE04EC0-301F-11D3-BF4B-00C04F79EFBC}") = "Asp_Potlog_Mihaela_Rp", "Asp_Potlog_Mihaela_Rp\Asp_Potlog_Mihaela_Rp.csproj", "{A2E5318E-BCAE-4E03-9CD5-D910006955C0}"
EndProject
Project("{FAE04EC0-301F-11D3-BF4B-00C04F79EFBC}") = "CreateDb", "CreateDb\CreateDb.csproj", "{F8481388-5CAA-4729-86B0-79A935DF4598}"
EndProject
Global
	GlobalSection(SolutionConfigurationPlatforms) = preSolution
		Debug|Any CPU = Debug|Any CPU
		Release|Any CPU = Release|Any CPU
	EndGlobalSection
	GlobalSection(ProjectConfigurationPlatforms) = postSolution
		{A2E5318E-BCAE-4E03-9CD5-D910006955C0}.Debug|Any CPU.ActiveCfg = Debug|Any CPU
		{A2E5318E-BCAE-4E03-9CD5-D910006955C0}.Debug|Any CPU.Build.0 = Debug|Any CPU
		{A2E5318E-BCAE-4E03-9CD5-D910006955C0}.Release|Any CPU.ActiveCfg = Release|Any CPU
		{A2E5318E-BCAE-4E03-9CD5-D910006955C0}.Release|Any CPU.Build.0 = Release|Any CPU
		{F8481388-5CAA-4729-86B0-79A935DF4598}.Debug|Any CPU.ActiveCfg = Debug|Any CPU
		{F8481388-5CAA-4729-86B0-79A935DF4598}.Debug|Any CPU.Build.0 = Debug|Any CPU
		{F8481388-5CAA-4729-86B0-79A935DF4598}.Release|Any CPU.ActiveCfg = Release|Any CPU
		{F8481388-5CAA-4729-86B0-79A935DF4598}.Release|Any CPU.Build.0 = Release|Any CPU
	EndGlobalSection
	GlobalSection(SolutionProperties) = preSolution
		HideSolutionNode = FALSE
	EndGlobalSection
	GlobalSection(ExtensibilityGlobals) = postSolution
		SolutionGuid = {800E197E-F60B-40F8-860A-10CD312A9162}
	EndGlobalSection
EndGlobal
